
Microsoft Visual Studio Solution File, Format Version 12.00
# Visual Studio Version 16
VisualStudioVersion = 16.0.29721.120
MinimumVisualStudioVersion = 10.0.40219.1
Project("{FAE04EC0-301F-11D3-BF4B-00C04F79EFBC}") = "SBQueueWriter", "SBQueueWriter\SBQueueWriter.csproj", "{1AA4CB18-700F-473C-803E-4AE5F3A4E074}"
EndProject
Global
	GlobalSection(SolutionConfigurationPlatforms) = preSolution
		Debug|Any CPU = Debug|Any CPU
		Release|Any CPU = Release|Any CPU
	EndGlobalSection
	GlobalSection(ProjectConfigurationPlatforms) = postSolution
		{1AA4CB18-700F-473C-803E-4AE5F3A4E074}.Debug|Any CPU.ActiveCfg = Debug|Any CPU
		{1AA4CB18-700F-473C-803E-4AE5F3A4E074}.Debug|Any CPU.Build.0 = Debug|Any CPU
		{1AA4CB18-700F-473C-803E-4AE5F3A4E074}.Release|Any CPU.ActiveCfg = Release|Any CPU
		{1AA4CB18-700F-473C-803E-4AE5F3A4E074}.Release|Any CPU.Build.0 = Release|Any CPU
	EndGlobalSection
	GlobalSection(SolutionProperties) = preSolution
		HideSolutionNode = FALSE
	EndGlobalSection
	GlobalSection(ExtensibilityGlobals) = postSolution
		SolutionGuid = {C800E568-2A6B-4BC3-9EB5-124582850797}
	EndGlobalSection
EndGlobal
