
Microsoft Visual Studio Solution File, Format Version 12.00
# Visual Studio Version 16
VisualStudioVersion = 16.0.29721.120
MinimumVisualStudioVersion = 10.0.40219.1
Project("{FAE04EC0-301F-11D3-BF4B-00C04F79EFBC}") = "RfidCheckout.Checkout", "RfidCheckout.Checkout\RfidCheckout.Checkout.csproj", "{8B77658B-F44A-4970-8493-F81B1B8FCCA7}"
EndProject
Project("{FAE04EC0-301F-11D3-BF4B-00C04F79EFBC}") = "RfidCheckout.Config", "RfidCheckout.Config\RfidCheckout.Config.csproj", "{D8CAB89B-0623-48C1-9D35-15E011F2D908}"
EndProject
Project("{FAE04EC0-301F-11D3-BF4B-00C04F79EFBC}") = "RfidCheckout.Messages", "RfidCheckout.Messages\RfidCheckout.Messages.csproj", "{5AAF0F6F-8251-403B-A704-4FABC28DEFE6}"
EndProject
Project("{FAE04EC0-301F-11D3-BF4B-00C04F79EFBC}") = "RfidCheckout.TagReader", "RfidCheckout.TagReader\RfidCheckout.TagReader.csproj", "{CF852E98-8F05-4A4C-90E7-8B33212C414C}"
EndProject
Global
	GlobalSection(SolutionConfigurationPlatforms) = preSolution
		Debug|Any CPU = Debug|Any CPU
		Release|Any CPU = Release|Any CPU
	EndGlobalSection
	GlobalSection(ProjectConfigurationPlatforms) = postSolution
		{8B77658B-F44A-4970-8493-F81B1B8FCCA7}.Debug|Any CPU.ActiveCfg = Debug|Any CPU
		{8B77658B-F44A-4970-8493-F81B1B8FCCA7}.Debug|Any CPU.Build.0 = Debug|Any CPU
		{8B77658B-F44A-4970-8493-F81B1B8FCCA7}.Release|Any CPU.ActiveCfg = Release|Any CPU
		{8B77658B-F44A-4970-8493-F81B1B8FCCA7}.Release|Any CPU.Build.0 = Release|Any CPU
		{D8CAB89B-0623-48C1-9D35-15E011F2D908}.Debug|Any CPU.ActiveCfg = Debug|Any CPU
		{D8CAB89B-0623-48C1-9D35-15E011F2D908}.Debug|Any CPU.Build.0 = Debug|Any CPU
		{D8CAB89B-0623-48C1-9D35-15E011F2D908}.Release|Any CPU.ActiveCfg = Release|Any CPU
		{D8CAB89B-0623-48C1-9D35-15E011F2D908}.Release|Any CPU.Build.0 = Release|Any CPU
		{5AAF0F6F-8251-403B-A704-4FABC28DEFE6}.Debug|Any CPU.ActiveCfg = Debug|Any CPU
		{5AAF0F6F-8251-403B-A704-4FABC28DEFE6}.Debug|Any CPU.Build.0 = Debug|Any CPU
		{5AAF0F6F-8251-403B-A704-4FABC28DEFE6}.Release|Any CPU.ActiveCfg = Release|Any CPU
		{5AAF0F6F-8251-403B-A704-4FABC28DEFE6}.Release|Any CPU.Build.0 = Release|Any CPU
		{CF852E98-8F05-4A4C-90E7-8B33212C414C}.Debug|Any CPU.ActiveCfg = Debug|Any CPU
		{CF852E98-8F05-4A4C-90E7-8B33212C414C}.Debug|Any CPU.Build.0 = Debug|Any CPU
		{CF852E98-8F05-4A4C-90E7-8B33212C414C}.Release|Any CPU.ActiveCfg = Release|Any CPU
		{CF852E98-8F05-4A4C-90E7-8B33212C414C}.Release|Any CPU.Build.0 = Release|Any CPU
	EndGlobalSection
	GlobalSection(SolutionProperties) = preSolution
		HideSolutionNode = FALSE
	EndGlobalSection
	GlobalSection(ExtensibilityGlobals) = postSolution
		SolutionGuid = {C807A922-3D8B-4C83-8BED-BF621369736A}
	EndGlobalSection
EndGlobal
