
Microsoft Visual Studio Solution File, Format Version 12.00
# Visual Studio Version 16
VisualStudioVersion = 16.0.29721.120
MinimumVisualStudioVersion = 10.0.40219.1
Project("{FAE04EC0-301F-11D3-BF4B-00C04F79EFBC}") = "TopicsAndSubscriptions", "TopicsAndSubscriptions\TopicsAndSubscriptions.csproj", "{7BCAFCE9-4910-4880-925C-958C93A2FCD2}"
EndProject
Project("{FAE04EC0-301F-11D3-BF4B-00C04F79EFBC}") = "TopicsAndSubscriptions.WireTap", "TopicsAndSubscriptions.WireTap\TopicsAndSubscriptions.WireTap.csproj", "{352F59CA-5E5A-4021-B7DA-DA16A01B1447}"
EndProject
Global
	GlobalSection(SolutionConfigurationPlatforms) = preSolution
		Debug|Any CPU = Debug|Any CPU
		Release|Any CPU = Release|Any CPU
	EndGlobalSection
	GlobalSection(ProjectConfigurationPlatforms) = postSolution
		{7BCAFCE9-4910-4880-925C-958C93A2FCD2}.Debug|Any CPU.ActiveCfg = Debug|Any CPU
		{7BCAFCE9-4910-4880-925C-958C93A2FCD2}.Debug|Any CPU.Build.0 = Debug|Any CPU
		{7BCAFCE9-4910-4880-925C-958C93A2FCD2}.Release|Any CPU.ActiveCfg = Release|Any CPU
		{7BCAFCE9-4910-4880-925C-958C93A2FCD2}.Release|Any CPU.Build.0 = Release|Any CPU
		{352F59CA-5E5A-4021-B7DA-DA16A01B1447}.Debug|Any CPU.ActiveCfg = Debug|Any CPU
		{352F59CA-5E5A-4021-B7DA-DA16A01B1447}.Debug|Any CPU.Build.0 = Debug|Any CPU
		{352F59CA-5E5A-4021-B7DA-DA16A01B1447}.Release|Any CPU.ActiveCfg = Release|Any CPU
		{352F59CA-5E5A-4021-B7DA-DA16A01B1447}.Release|Any CPU.Build.0 = Release|Any CPU
	EndGlobalSection
	GlobalSection(SolutionProperties) = preSolution
		HideSolutionNode = FALSE
	EndGlobalSection
	GlobalSection(ExtensibilityGlobals) = postSolution
		SolutionGuid = {F0CD76AA-7EA4-44AD-BE94-3A61D5A0CC41}
	EndGlobalSection
EndGlobal
